
Microsoft Visual Studio Solution File, Format Version 12.00
# Visual Studio Version 16
VisualStudioVersion = 16.0.32126.315
MinimumVisualStudioVersion = 10.0.40219.1
Project("{FAE04EC0-301F-11D3-BF4B-00C04F79EFBC}") = "PolicyAPI", "PolicyAPI.csproj", "{BDC49722-2C78-4E30-A46F-34ACA0014690}"
EndProject
Global
	GlobalSection(SolutionConfigurationPlatforms) = preSolution
		Debug|Any CPU = Debug|Any CPU
		Release|Any CPU = Release|Any CPU
	EndGlobalSection
	GlobalSection(ProjectConfigurationPlatforms) = postSolution
		{BDC49722-2C78-4E30-A46F-34ACA0014690}.Debug|Any CPU.ActiveCfg = Debug|Any CPU
		{BDC49722-2C78-4E30-A46F-34ACA0014690}.Debug|Any CPU.Build.0 = Debug|Any CPU
		{BDC49722-2C78-4E30-A46F-34ACA0014690}.Release|Any CPU.ActiveCfg = Release|Any CPU
		{BDC49722-2C78-4E30-A46F-34ACA0014690}.Release|Any CPU.Build.0 = Release|Any CPU
	EndGlobalSection
	GlobalSection(SolutionProperties) = preSolution
		HideSolutionNode = FALSE
	EndGlobalSection
	GlobalSection(ExtensibilityGlobals) = postSolution
		SolutionGuid = {943E120E-E9C6-435F-B304-E00E9A94652D}
	EndGlobalSection
EndGlobal
